
Microsoft Visual Studio Solution File, Format Version 12.00
# Visual Studio Version 17
VisualStudioVersion = 17.4.33213.308
MinimumVisualStudioVersion = 10.0.40219.1
Project("{FAE04EC0-301F-11D3-BF4B-00C04F79EFBC}") = "Tafeltester", "Tafeltester\Tafeltester.csproj", "{624E2776-5F90-4CFC-9CF1-07B98947421B}"
EndProject
Global
	GlobalSection(SolutionConfigurationPlatforms) = preSolution
		Debug|Any CPU = Debug|Any CPU
		Release|Any CPU = Release|Any CPU
	EndGlobalSection
	GlobalSection(ProjectConfigurationPlatforms) = postSolution
		{624E2776-5F90-4CFC-9CF1-07B98947421B}.Debug|Any CPU.ActiveCfg = Debug|Any CPU
		{624E2776-5F90-4CFC-9CF1-07B98947421B}.Debug|Any CPU.Build.0 = Debug|Any CPU
		{624E2776-5F90-4CFC-9CF1-07B98947421B}.Release|Any CPU.ActiveCfg = Release|Any CPU
		{624E2776-5F90-4CFC-9CF1-07B98947421B}.Release|Any CPU.Build.0 = Release|Any CPU
	EndGlobalSection
	GlobalSection(SolutionProperties) = preSolution
		HideSolutionNode = FALSE
	EndGlobalSection
	GlobalSection(ExtensibilityGlobals) = postSolution
		SolutionGuid = {6A3F53CE-5FC9-4171-9C7C-3FFC5704C4FF}
	EndGlobalSection
EndGlobal
